PODS:
  - Alamofire (4.4.0)
  - AlamofireImage (3.2.0):
    - Alamofire (~> 4.1)
  - ObjectMapper (2.2.6)
  - OpenCV (2.4.9)
  - Realm (1.1.0):
    - Realm/Headers (= 1.1.0)
  - Realm/Headers (1.1.0)
  - RealmSwift (1.1.0):
    - Realm (= 1.1.0)
  - Result (3.2.3)
  - RxAlamofire (3.0.2):
    - RxAlamofire/Core (= 3.0.2)
  - RxAlamofire/Core (3.0.2):
    - Alamofire (~> 4.0)
    - RxSwift (~> 3.0)
  - RxSwift (3.4.1)
  - SugarRecord/Realm (3.0.0):
    - RealmSwift (~> 1.1)
    - Result (~> 3.0)
  - VanillaNavFramework (0.1.0):
    - VanillaNavFramework/VanillaNavFramework (= 0.1.0)
  - VanillaNavFramework/VanillaNavFramework (0.1.0):
    - Alamofire (~> 4.4.0)
    - AlamofireImage (= 3.2.0)
    - ObjectMapper (= 2.2.6)
    - OpenCV (= 2.4.9)
    - RxAlamofire (= 3.0.2)
    - RxSwift (= 3.4.1)
    - SugarRecord/Realm (= 3.0.0)

DEPENDENCIES:
  - VanillaNavFramework (from `https://github.com/vanillanav/VanillaNav-ios-framework.git`)

EXTERNAL SOURCES:
  VanillaNavFramework:
    :git: https://github.com/vanillanav/VanillaNav-ios-framework.git

CHECKOUT OPTIONS:
  VanillaNavFramework:
    :commit: c64119f097ff03a8c109db35b3aa5908df69b127
    :git: https://github.com/vanillanav/VanillaNav-ios-framework.git

SPEC CHECKSUMS:
  Alamofire: dc44b1600b800eb63da6a19039a0083d62a6a62d
  AlamofireImage: 157ed682cc81d3b9db4fb90c1f12180ac552d93b
  ObjectMapper: 042708195cc46c20871cbcbec0453826398273fd
  OpenCV: bb17904e55fc19b1f0f6c3e29bc04a7dd31eddb9
  Realm: ceecf1a4540c4ce9efe196fe73fa9855bce05bd8
  RealmSwift: 838058b2db95b12cb86bd0cf209df642c33fb60a
  Result: 128640a6347e8d2ae48b142556739a2d13f90ce6
  RxAlamofire: bc53604b29fd2d220cfaa490c736cc4500819f34
  RxSwift: 656f8fbeca5bc372121a72d9ebdd3cd3bc0ffade
  SugarRecord: c17d4a17b257cac4c4355b2790685b1e49b32de3
  VanillaNavFramework: d12ef558b96b03cd8c4a62662ddd1f4f0f5a6c75

PODFILE CHECKSUM: d0c91d5ea2e8af2220e39431c525928326fb05b8

COCOAPODS: 1.2.1
